{
    "name": "bulma-clean-theme",
    "version": "1.0.0",
    "lockfileVersion": 2,
    "requires": true,
    "packages": {
        "": {
            "name": "bulma-clean-theme",
            "version": "1.0.0",
            "license": "MIT",
            "dependencies": {
                "bulma": "^1.0"
            },
            "devDependencies": {}
        },
        "node_modules/bulma": {
            "version": "1.0.1",
            "resolved": "https://registry.npmjs.org/bulma/-/bulma-1.0.1.tgz",
            "integrity": "sha512-+xv/BIAEQakHkR0QVz+s+RjNqfC53Mx9ZYexyaFNFo9wx5i76HXArNdwW7bccyJxa5mgV/T5DcVGqsAB19nBJQ=="
        }
    },
    "dependencies": {
        "bulma": {
            "version": "1.0.1",
            "resolved": "https://registry.npmjs.org/bulma/-/bulma-1.0.1.tgz",
            "integrity": "sha512-+xv/BIAEQakHkR0QVz+s+RjNqfC53Mx9ZYexyaFNFo9wx5i76HXArNdwW7bccyJxa5mgV/T5DcVGqsAB19nBJQ=="
        }
    }
}
